
Microsoft Visual Studio Solution File, Format Version 12.00
# Visual Studio Version 16
VisualStudioVersion = 16.0.31515.178
MinimumVisualStudioVersion = 10.0.40219.1
Project("{FAE04EC0-301F-11D3-BF4B-00C04F79EFBC}") = "IPLManagementSystemWEBAPI", "IPLManagementSystemWEBAPI\IPLManagementSystemWEBAPI.csproj", "{46099930-AA39-458E-B728-F39CC13A17CE}"
EndProject
Project("{FAE04EC0-301F-11D3-BF4B-00C04F79EFBC}") = "IPLManagementSystemMVC", "IPLManagementSystemMVC\IPLManagementSystemMVC.csproj", "{1973A1B1-36D5-4E02-BE03-4125038F1D90}"
EndProject
Project("{FAE04EC0-301F-11D3-BF4B-00C04F79EFBC}") = "IPLManagementSystemUnitTestWEBAPI", "IPLManagementSystemUnitTestWEBAPI\IPLManagementSystemUnitTestWEBAPI.csproj", "{FC867C84-3CA8-41F4-B571-BBB42DA364D9}"
EndProject
Project("{FAE04EC0-301F-11D3-BF4B-00C04F79EFBC}") = "IPLManagementSystemUnitTestMVC", "IPLManagementSystemUnitTestMVC\IPLManagementSystemUnitTestMVC.csproj", "{2C26B927-AC0A-41AB-9FCD-BB84712E41C0}"
EndProject
Global
	GlobalSection(SolutionConfigurationPlatforms) = preSolution
		Debug|Any CPU = Debug|Any CPU
		Release|Any CPU = Release|Any CPU
	EndGlobalSection
	GlobalSection(ProjectConfigurationPlatforms) = postSolution
		{46099930-AA39-458E-B728-F39CC13A17CE}.Debug|Any CPU.ActiveCfg = Debug|Any CPU
		{46099930-AA39-458E-B728-F39CC13A17CE}.Debug|Any CPU.Build.0 = Debug|Any CPU
		{46099930-AA39-458E-B728-F39CC13A17CE}.Release|Any CPU.ActiveCfg = Release|Any CPU
		{46099930-AA39-458E-B728-F39CC13A17CE}.Release|Any CPU.Build.0 = Release|Any CPU
		{1973A1B1-36D5-4E02-BE03-4125038F1D90}.Debug|Any CPU.ActiveCfg = Debug|Any CPU
		{1973A1B1-36D5-4E02-BE03-4125038F1D90}.Debug|Any CPU.Build.0 = Debug|Any CPU
		{1973A1B1-36D5-4E02-BE03-4125038F1D90}.Release|Any CPU.ActiveCfg = Release|Any CPU
		{1973A1B1-36D5-4E02-BE03-4125038F1D90}.Release|Any CPU.Build.0 = Release|Any CPU
		{FC867C84-3CA8-41F4-B571-BBB42DA364D9}.Debug|Any CPU.ActiveCfg = Debug|Any CPU
		{FC867C84-3CA8-41F4-B571-BBB42DA364D9}.Debug|Any CPU.Build.0 = Debug|Any CPU
		{FC867C84-3CA8-41F4-B571-BBB42DA364D9}.Release|Any CPU.ActiveCfg = Release|Any CPU
		{FC867C84-3CA8-41F4-B571-BBB42DA364D9}.Release|Any CPU.Build.0 = Release|Any CPU
		{2C26B927-AC0A-41AB-9FCD-BB84712E41C0}.Debug|Any CPU.ActiveCfg = Debug|Any CPU
		{2C26B927-AC0A-41AB-9FCD-BB84712E41C0}.Debug|Any CPU.Build.0 = Debug|Any CPU
		{2C26B927-AC0A-41AB-9FCD-BB84712E41C0}.Release|Any CPU.ActiveCfg = Release|Any CPU
		{2C26B927-AC0A-41AB-9FCD-BB84712E41C0}.Release|Any CPU.Build.0 = Release|Any CPU
	EndGlobalSection
	GlobalSection(SolutionProperties) = preSolution
		HideSolutionNode = FALSE
	EndGlobalSection
	GlobalSection(ExtensibilityGlobals) = postSolution
		SolutionGuid = {B6C77D90-4125-413A-B28B-ACE562DC8D3C}
	EndGlobalSection
EndGlobal
